schema: '2.0'
stages:
  full_pipeline:
    cmd: python -m src.pipeline
    deps:
    - path: data/raw/iris.csv
      hash: md5
      md5: 4d301abed5efe50eccda350cde38e0eb
      size: 2777
    - path: src/data_preprocessing.py
      hash: md5
      md5: 64c9b865652c0164d8a6260daa53ff11
      size: 337
    - path: src/drift_detection.py
      hash: md5
      md5: a7e7323b9cde6dc67b94a76007978008
      size: 549
    - path: src/pipeline.py
      hash: md5
      md5: 65690373dabf38e18ceddd0899655026
      size: 3423
    - path: src/train.py
      hash: md5
      md5: c44be0a1c3fdbf2fb34b4af420e23823
      size: 2704
    outs:
    - path: data/drift_baseline/iris_drift_baseline.html
      hash: md5
      md5: e782946009315287e22fff9dd76eccd4
      size: 3563255
    - path: data/processed/iris_clean.csv
      hash: md5
      md5: 4d301abed5efe50eccda350cde38e0eb
      size: 2777
    - path: metrics.json
      hash: md5
      md5: 8ecdf08a91b4ceeb03965e089aedc90a
      size: 50
